
Microsoft Visual Studio Solution File, Format Version 12.00
# Visual Studio Version 17
VisualStudioVersion = 17.14.36408.4
MinimumVisualStudioVersion = 10.0.40219.1
Project("{FAE04EC0-301F-11D3-BF4B-00C04F79EFBC}") = "CadEye", "CadEye\CadEye.csproj", "{00933C11-2C60-4CF3-9900-0B916DD268E8}"
EndProject
Global
	GlobalSection(SolutionConfigurationPlatforms) = preSolution
		Debug|Any CPU = Debug|Any CPU
		Debug|x64 = Debug|x64
		Release|Any CPU = Release|Any CPU
		Release|x64 = Release|x64
	EndGlobalSection
	GlobalSection(ProjectConfigurationPlatforms) = postSolution
		{00933C11-2C60-4CF3-9900-0B916DD268E8}.Debug|Any CPU.ActiveCfg = Debug|Any CPU
		{00933C11-2C60-4CF3-9900-0B916DD268E8}.Debug|Any CPU.Build.0 = Debug|Any CPU
		{00933C11-2C60-4CF3-9900-0B916DD268E8}.Debug|x64.ActiveCfg = Debug|x64
		{00933C11-2C60-4CF3-9900-0B916DD268E8}.Debug|x64.Build.0 = Debug|x64
		{00933C11-2C60-4CF3-9900-0B916DD268E8}.Release|Any CPU.ActiveCfg = Release|Any CPU
		{00933C11-2C60-4CF3-9900-0B916DD268E8}.Release|Any CPU.Build.0 = Release|Any CPU
		{00933C11-2C60-4CF3-9900-0B916DD268E8}.Release|x64.ActiveCfg = Release|x64
		{00933C11-2C60-4CF3-9900-0B916DD268E8}.Release|x64.Build.0 = Release|x64
	EndGlobalSection
	GlobalSection(SolutionProperties) = preSolution
		HideSolutionNode = FALSE
	EndGlobalSection
	GlobalSection(ExtensibilityGlobals) = postSolution
		SolutionGuid = {20F6B63A-6649-4B20-A78A-E0950B7B1F8D}
	EndGlobalSection
EndGlobal
